
Microsoft Visual Studio Solution File, Format Version 11.00
# Visual Studio 2010
Project("{2150E333-8FDC-42A3-9474-1A3956D46DE8}") = "Documents", "Documents", "{AA0B3602-0CF0-4383-9D64-AA6A2CFDE0EF}"
	ProjectSection(SolutionItems) = preProject
		doc\NetCalculator.docx = doc\NetCalculator.docx
	EndProjectSection
EndProject
Project("{FAE04EC0-301F-11D3-BF4B-00C04F79EFBC}") = "NetCalculator", "NetCalculator.csproj", "{ACBF417D-5B9F-4995-A4DE-2A3701CF0AB1}"
EndProject
Global
	GlobalSection(SolutionConfigurationPlatforms) = preSolution
		Debug|Any CPU = Debug|Any CPU
		Release|Any CPU = Release|Any CPU
		Description = .Net based expressions evalutor
	EndGlobalSection
	GlobalSection(ProjectConfigurationPlatforms) = postSolution
		{ACBF417D-5B9F-4995-A4DE-2A3701CF0AB1}.Debug|Any CPU.ActiveCfg = Debug|Any CPU
		{ACBF417D-5B9F-4995-A4DE-2A3701CF0AB1}.Debug|Any CPU.Build.0 = Debug|Any CPU
		{ACBF417D-5B9F-4995-A4DE-2A3701CF0AB1}.Release|Any CPU.ActiveCfg = Release|Any CPU
		{ACBF417D-5B9F-4995-A4DE-2A3701CF0AB1}.Release|Any CPU.Build.0 = Release|Any CPU
	EndGlobalSection
	GlobalSection(SolutionProperties) = preSolution
		HideSolutionNode = FALSE
	EndGlobalSection
EndGlobal
